
Microsoft Visual Studio Solution File, Format Version 12.00
# Visual Studio Version 16
VisualStudioVersion = 16.0.31005.135
MinimumVisualStudioVersion = 10.0.40219.1
Project("{FAE04EC0-301F-11D3-BF4B-00C04F79EFBC}") = "Ödev5", "Ödev5\Ödev5.csproj", "{ED7FA509-841D-4306-8C36-11CA18CF0BF0}"
EndProject
Global
	GlobalSection(SolutionConfigurationPlatforms) = preSolution
		Debug|Any CPU = Debug|Any CPU
		Release|Any CPU = Release|Any CPU
	EndGlobalSection
	GlobalSection(ProjectConfigurationPlatforms) = postSolution
		{ED7FA509-841D-4306-8C36-11CA18CF0BF0}.Debug|Any CPU.ActiveCfg = Debug|Any CPU
		{ED7FA509-841D-4306-8C36-11CA18CF0BF0}.Debug|Any CPU.Build.0 = Debug|Any CPU
		{ED7FA509-841D-4306-8C36-11CA18CF0BF0}.Release|Any CPU.ActiveCfg = Release|Any CPU
		{ED7FA509-841D-4306-8C36-11CA18CF0BF0}.Release|Any CPU.Build.0 = Release|Any CPU
	EndGlobalSection
	GlobalSection(SolutionProperties) = preSolution
		HideSolutionNode = FALSE
	EndGlobalSection
	GlobalSection(ExtensibilityGlobals) = postSolution
		SolutionGuid = {CADB9CC9-9523-4B7D-B677-112E59684274}
	EndGlobalSection
EndGlobal
